// !$*UTF8*$!
{
	archiveVersion = 1;
	classes = {
	};
	objectVersion = 56;
	objects = {

/* Begin PBXBuildFile section */
		B0078D5C28F6955B0097D4A0 /* YoloApp.swift in Sources */ = {isa = PBXBuildFile; fileRef = B0078D5B28F6955B0097D4A0 /* YoloApp.swift */; };
		B0078D5E28F6955B0097D4A0 /* MainView.swift in Sources */ = {isa = PBXBuildFile; fileRef = B0078D5D28F6955B0097D4A0 /* MainView.swift */; };
		B0078D6028F6955C0097D4A0 /* Assets.xcassets in Resources */ = {isa = PBXBuildFile; fileRef = B0078D5F28F6955C0097D4A0 /* Assets.xcassets */; };
		B0078D6328F6955C0097D4A0 /* Preview Assets.xcassets in Resources */ = {isa = PBXBuildFile; fileRef = B0078D6228F6955C0097D4A0 /* Preview Assets.xcassets */; };
		B03C20E029058AB400DFDB92 /* TrackableScrollView.swift in Sources */ = {isa = PBXBuildFile; fileRef = B03C20DF29058AB400DFDB92 /* TrackableScrollView.swift */; };
		B04121A928FD56BA00589414 /* MatchFormat.swift in Sources */ = {isa = PBXBuildFile; fileRef = B04121A828FD56BA00589414 /* MatchFormat.swift */; };
		B04121AB28FD56D600589414 /* Team.swift in Sources */ = {isa = PBXBuildFile; fileRef = B04121AA28FD56D600589414 /* Team.swift */; };
		B04121AD28FD56E300589414 /* Match.swift in Sources */ = {isa = PBXBuildFile; fileRef = B04121AC28FD56E300589414 /* Match.swift */; };
		B04121AF28FD570D00589414 /* MatchListCell.swift in Sources */ = {isa = PBXBuildFile; fileRef = B04121AE28FD570D00589414 /* MatchListCell.swift */; };
		B05A0C07291D0C640086A071 /* EventList.swift in Sources */ = {isa = PBXBuildFile; fileRef = B05A0C06291D0C640086A071 /* EventList.swift */; };
		B074F32C29082106003F0A84 /* API.Game.swift in Sources */ = {isa = PBXBuildFile; fileRef = B074F32B29082106003F0A84 /* API.Game.swift */; };
		B074F32F29085173003F0A84 /* RounderTextModifier.swift in Sources */ = {isa = PBXBuildFile; fileRef = B074F32E29085173003F0A84 /* RounderTextModifier.swift */; };
		B0995E9D292CD9E5003AE764 /* Launch Screen.storyboard in Resources */ = {isa = PBXBuildFile; fileRef = B0995E9C292CD9E5003AE764 /* Launch Screen.storyboard */; };
		B0AE52592904A806009157CD /* Kingfisher in Frameworks */ = {isa = PBXBuildFile; productRef = B0AE52582904A806009157CD /* Kingfisher */; };
		B0AE525B2904AED7009157CD /* API.swift in Sources */ = {isa = PBXBuildFile; fileRef = B0AE525A2904AED7009157CD /* API.swift */; };
		B0AE525D2904BE54009157CD /* MatchStatusList.swift in Sources */ = {isa = PBXBuildFile; fileRef = B0AE525C2904BE54009157CD /* MatchStatusList.swift */; };
		B0B98840292D575E00DB12C2 /* Color.swift in Sources */ = {isa = PBXBuildFile; fileRef = B0B9883F292D575E00DB12C2 /* Color.swift */; };
		B0BFD0AC28F6DFA200F1C1D8 /* GameList.swift in Sources */ = {isa = PBXBuildFile; fileRef = B0BFD0AB28F6DFA200F1C1D8 /* GameList.swift */; };
		B0BFD0AE28F6E02C00F1C1D8 /* MatchList.swift in Sources */ = {isa = PBXBuildFile; fileRef = B0BFD0AD28F6E02C00F1C1D8 /* MatchList.swift */; };
		B0E1B76A29102AF30020505C /* ButtonPress.swift in Sources */ = {isa = PBXBuildFile; fileRef = B0E1B76929102AF30020505C /* ButtonPress.swift */; };
		B0E1B76D29102E6F0020505C /* GameCircle.swift in Sources */ = {isa = PBXBuildFile; fileRef = B0E1B76C29102E6E0020505C /* GameCircle.swift */; };
		B0E849E62900276200BDFB56 /* Date.swift in Sources */ = {isa = PBXBuildFile; fileRef = B0E849E52900276200BDFB56 /* Date.swift */; };
		B0E849EA29002C4600BDFB56 /* MatchesModel.swift in Sources */ = {isa = PBXBuildFile; fileRef = B0E849E929002C4600BDFB56 /* MatchesModel.swift */; };
/* End PBXBuildFile section */

/* Begin PBXFileReference section */
		B0078D5828F6955B0097D4A0 /* Yolo.app */ = {isa = PBXFileReference; explicitFileType = wrapper.application; includeInIndex = 0; path = Yolo.app; sourceTree = BUILT_PRODUCTS_DIR; };
		B0078D5B28F6955B0097D4A0 /* YoloApp.swift */ = {isa = PBXFileReference; lastKnownFileType = sourcecode.swift; path = YoloApp.swift; sourceTree = "<group>"; };
		B0078D5D28F6955B0097D4A0 /* MainView.swift */ = {isa = PBXFileReference; lastKnownFileType = sourcecode.swift; path = MainView.swift; sourceTree = "<group>"; };
		B0078D5F28F6955C0097D4A0 /* Assets.xcassets */ = {isa = PBXFileReference; lastKnownFileType = folder.assetcatalog; path = Assets.xcassets; sourceTree = "<group>"; };
		B0078D6228F6955C0097D4A0 /* Preview Assets.xcassets */ = {isa = PBXFileReference; lastKnownFileType = folder.assetcatalog; path = "Preview Assets.xcassets"; sourceTree = "<group>"; };
		B03C20DF29058AB400DFDB92 /* TrackableScrollView.swift */ = {isa = PBXFileReference; lastKnownFileType = sourcecode.swift; path = TrackableScrollView.swift; sourceTree = "<group>"; };
		B04121A828FD56BA00589414 /* MatchFormat.swift */ = {isa = PBXFileReference; lastKnownFileType = sourcecode.swift; path = MatchFormat.swift; sourceTree = "<group>"; };
		B04121AA28FD56D600589414 /* Team.swift */ = {isa = PBXFileReference; lastKnownFileType = sourcecode.swift; path = Team.swift; sourceTree = "<group>"; };
		B04121AC28FD56E300589414 /* Match.swift */ = {isa = PBXFileReference; lastKnownFileType = sourcecode.swift; path = Match.swift; sourceTree = "<group>"; };
		B04121AE28FD570D00589414 /* MatchListCell.swift */ = {isa = PBXFileReference; lastKnownFileType = sourcecode.swift; path = MatchListCell.swift; sourceTree = "<group>"; };
		B05A0C06291D0C640086A071 /* EventList.swift */ = {isa = PBXFileReference; lastKnownFileType = sourcecode.swift; path = EventList.swift; sourceTree = "<group>"; };
		B074F32B29082106003F0A84 /* API.Game.swift */ = {isa = PBXFileReference; lastKnownFileType = sourcecode.swift; path = API.Game.swift; sourceTree = "<group>"; };
		B074F32E29085173003F0A84 /* RounderTextModifier.swift */ = {isa = PBXFileReference; lastKnownFileType = sourcecode.swift; path = RounderTextModifier.swift; sourceTree = "<group>"; };
		B0995E9C292CD9E5003AE764 /* Launch Screen.storyboard */ = {isa = PBXFileReference; lastKnownFileType = file.storyboard; path = "Launch Screen.storyboard"; sourceTree = "<group>"; };
		B0AE525A2904AED7009157CD /* API.swift */ = {isa = PBXFileReference; lastKnownFileType = sourcecode.swift; path = API.swift; sourceTree = "<group>"; };
		B0AE525C2904BE54009157CD /* MatchStatusList.swift */ = {isa = PBXFileReference; lastKnownFileType = sourcecode.swift; path = MatchStatusList.swift; sourceTree = "<group>"; };
		B0B9883F292D575E00DB12C2 /* Color.swift */ = {isa = PBXFileReference; lastKnownFileType = sourcecode.swift; path = Color.swift; sourceTree = "<group>"; };
		B0BFD0AB28F6DFA200F1C1D8 /* GameList.swift */ = {isa = PBXFileReference; lastKnownFileType = sourcecode.swift; path = GameList.swift; sourceTree = "<group>"; };
		B0BFD0AD28F6E02C00F1C1D8 /* MatchList.swift */ = {isa = PBXFileReference; lastKnownFileType = sourcecode.swift; path = MatchList.swift; sourceTree = "<group>"; };
		B0E1B76929102AF30020505C /* ButtonPress.swift */ = {isa = PBXFileReference; lastKnownFileType = sourcecode.swift; path = ButtonPress.swift; sourceTree = "<group>"; };
		B0E1B76C29102E6E0020505C /* GameCircle.swift */ = {isa = PBXFileReference; lastKnownFileType = sourcecode.swift; path = GameCircle.swift; sourceTree = "<group>"; };
		B0E849E52900276200BDFB56 /* Date.swift */ = {isa = PBXFileReference; lastKnownFileType = sourcecode.swift; path = Date.swift; sourceTree = "<group>"; };
		B0E849E929002C4600BDFB56 /* MatchesModel.swift */ = {isa = PBXFileReference; lastKnownFileType = sourcecode.swift; path = MatchesModel.swift; sourceTree = "<group>"; };
/* End PBXFileReference section */

/* Begin PBXFrameworksBuildPhase section */
		B0078D5528F6955B0097D4A0 /* Frameworks */ = {
			isa = PBXFrameworksBuildPhase;
			buildActionMask = 2147483647;
			files = (
				B0AE52592904A806009157CD /* Kingfisher in Frameworks */,
			);
			runOnlyForDeploymentPostprocessing = 0;
		};
/* End PBXFrameworksBuildPhase section */

/* Begin PBXGroup section */
		B0078D4F28F6955B0097D4A0 = {
			isa = PBXGroup;
			children = (
				B0078D5A28F6955B0097D4A0 /* Yolo */,
				B0078D5928F6955B0097D4A0 /* Products */,
			);
			sourceTree = "<group>";
		};
		B0078D5928F6955B0097D4A0 /* Products */ = {
			isa = PBXGroup;
			children = (
				B0078D5828F6955B0097D4A0 /* Yolo.app */,
			);
			name = Products;
			sourceTree = "<group>";
		};
		B0078D5A28F6955B0097D4A0 /* Yolo */ = {
			isa = PBXGroup;
			children = (
				B0E849E42900275B00BDFB56 /* Helpers */,
				B0E849E829002C2C00BDFB56 /* Views */,
				B0E849E729002C0A00BDFB56 /* Modules */,
				B0078D5B28F6955B0097D4A0 /* YoloApp.swift */,
				B0078D5F28F6955C0097D4A0 /* Assets.xcassets */,
				B0078D6128F6955C0097D4A0 /* Preview Content */,
				B0995E9C292CD9E5003AE764 /* Launch Screen.storyboard */,
			);
			path = Yolo;
			sourceTree = "<group>";
		};
		B0078D6128F6955C0097D4A0 /* Preview Content */ = {
			isa = PBXGroup;
			children = (
				B0078D6228F6955C0097D4A0 /* Preview Assets.xcassets */,
			);
			path = "Preview Content";
			sourceTree = "<group>";
		};
		B04121A428FD569300589414 /* MatchList */ = {
			isa = PBXGroup;
			children = (
				B04121A528FD569B00589414 /* Models */,
				B0BFD0AD28F6E02C00F1C1D8 /* MatchList.swift */,
				B04121AE28FD570D00589414 /* MatchListCell.swift */,
			);
			path = MatchList;
			sourceTree = "<group>";
		};
		B04121A528FD569B00589414 /* Models */ = {
			isa = PBXGroup;
			children = (
				B04121A828FD56BA00589414 /* MatchFormat.swift */,
				B04121AA28FD56D600589414 /* Team.swift */,
				B04121AC28FD56E300589414 /* Match.swift */,
			);
			path = Models;
			sourceTree = "<group>";
		};
		B05A0C05291D0C570086A071 /* EventList */ = {
			isa = PBXGroup;
			children = (
				B05A0C06291D0C640086A071 /* EventList.swift */,
			);
			path = EventList;
			sourceTree = "<group>";
		};
		B074F32D29085163003F0A84 /* Modifiers */ = {
			isa = PBXGroup;
			children = (
				B074F32E29085173003F0A84 /* RounderTextModifier.swift */,
				B0E1B76929102AF30020505C /* ButtonPress.swift */,
			);
			path = Modifiers;
			sourceTree = "<group>";
		};
		B08311F22919381000F96459 /* MatchStatusList */ = {
			isa = PBXGroup;
			children = (
				B0AE525C2904BE54009157CD /* MatchStatusList.swift */,
			);
			path = MatchStatusList;
			sourceTree = "<group>";
		};
		B0E1B76B29102E360020505C /* GameList */ = {
			isa = PBXGroup;
			children = (
				B0BFD0AB28F6DFA200F1C1D8 /* GameList.swift */,
				B0E1B76C29102E6E0020505C /* GameCircle.swift */,
			);
			path = GameList;
			sourceTree = "<group>";
		};
		B0E849E42900275B00BDFB56 /* Helpers */ = {
			isa = PBXGroup;
			children = (
				B0E849E52900276200BDFB56 /* Date.swift */,
				B0AE525A2904AED7009157CD /* API.swift */,
				B074F32B29082106003F0A84 /* API.Game.swift */,
				B074F32D29085163003F0A84 /* Modifiers */,
				B0B9883F292D575E00DB12C2 /* Color.swift */,
			);
			path = Helpers;
			sourceTree = "<group>";
		};
		B0E849E729002C0A00BDFB56 /* Modules */ = {
			isa = PBXGroup;
			children = (
				B0078D5D28F6955B0097D4A0 /* MainView.swift */,
				B0E849E929002C4600BDFB56 /* MatchesModel.swift */,
			);
			path = Modules;
			sourceTree = "<group>";
		};
		B0E849E829002C2C00BDFB56 /* Views */ = {
			isa = PBXGroup;
			children = (
				B05A0C05291D0C570086A071 /* EventList */,
				B08311F22919381000F96459 /* MatchStatusList */,
				B0E1B76B29102E360020505C /* GameList */,
				B04121A428FD569300589414 /* MatchList */,
				B03C20DF29058AB400DFDB92 /* TrackableScrollView.swift */,
			);
			path = Views;
			sourceTree = "<group>";
		};
/* End PBXGroup section */

/* Begin PBXNativeTarget section */
		B0078D5728F6955B0097D4A0 /* Yolo */ = {
			isa = PBXNativeTarget;
			buildConfigurationList = B0078D6628F6955C0097D4A0 /* Build configuration list for PBXNativeTarget "Yolo" */;
			buildPhases = (
				B0078D5428F6955B0097D4A0 /* Sources */,
				B0078D5528F6955B0097D4A0 /* Frameworks */,
				B0078D5628F6955B0097D4A0 /* Resources */,
			);
			buildRules = (
			);
			dependencies = (
			);
			name = Yolo;
			packageProductDependencies = (
				B0AE52582904A806009157CD /* Kingfisher */,
			);
			productName = Yolo;
			productReference = B0078D5828F6955B0097D4A0 /* Yolo.app */;
			productType = "com.apple.product-type.application";
		};
/* End PBXNativeTarget section */

/* Begin PBXProject section */
		B0078D5028F6955B0097D4A0 /* Project object */ = {
			isa = PBXProject;
			attributes = {
				BuildIndependentTargetsInParallel = 1;
				LastSwiftUpdateCheck = 1400;
				LastUpgradeCheck = 1400;
				TargetAttributes = {
					B0078D5728F6955B0097D4A0 = {
						CreatedOnToolsVersion = 14.0;
					};
				};
			};
			buildConfigurationList = B0078D5328F6955B0097D4A0 /* Build configuration list for PBXProject "Yolo" */;
			compatibilityVersion = "Xcode 14.0";
			developmentRegion = en;
			hasScannedForEncodings = 0;
			knownRegions = (
				en,
				Base,
			);
			mainGroup = B0078D4F28F6955B0097D4A0;
			packageReferences = (
				B0AE52572904A806009157CD /* XCRemoteSwiftPackageReference "Kingfisher" */,
			);
			productRefGroup = B0078D5928F6955B0097D4A0 /* Products */;
			projectDirPath = "";
			projectRoot = "";
			targets = (
				B0078D5728F6955B0097D4A0 /* Yolo */,
			);
		};
/* End PBXProject section */

/* Begin PBXResourcesBuildPhase section */
		B0078D5628F6955B0097D4A0 /* Resources */ = {
			isa = PBXResourcesBuildPhase;
			buildActionMask = 2147483647;
			files = (
				B0995E9D292CD9E5003AE764 /* Launch Screen.storyboard in Resources */,
				B0078D6328F6955C0097D4A0 /* Preview Assets.xcassets in Resources */,
				B0078D6028F6955C0097D4A0 /* Assets.xcassets in Resources */,
			);
			runOnlyForDeploymentPostprocessing = 0;
		};
/* End PBXResourcesBuildPhase section */

/* Begin PBXSourcesBuildPhase section */
		B0078D5428F6955B0097D4A0 /* Sources */ = {
			isa = PBXSourcesBuildPhase;
			buildActionMask = 2147483647;
			files = (
				B0078D5E28F6955B0097D4A0 /* MainView.swift in Sources */,
				B0AE525D2904BE54009157CD /* MatchStatusList.swift in Sources */,
				B0E849E62900276200BDFB56 /* Date.swift in Sources */,
				B074F32C29082106003F0A84 /* API.Game.swift in Sources */,
				B074F32F29085173003F0A84 /* RounderTextModifier.swift in Sources */,
				B0E1B76A29102AF30020505C /* ButtonPress.swift in Sources */,
				B05A0C07291D0C640086A071 /* EventList.swift in Sources */,
				B0BFD0AC28F6DFA200F1C1D8 /* GameList.swift in Sources */,
				B0E1B76D29102E6F0020505C /* GameCircle.swift in Sources */,
				B04121AF28FD570D00589414 /* MatchListCell.swift in Sources */,
				B04121AB28FD56D600589414 /* Team.swift in Sources */,
				B0B98840292D575E00DB12C2 /* Color.swift in Sources */,
				B04121AD28FD56E300589414 /* Match.swift in Sources */,
				B0078D5C28F6955B0097D4A0 /* YoloApp.swift in Sources */,
				B0BFD0AE28F6E02C00F1C1D8 /* MatchList.swift in Sources */,
				B04121A928FD56BA00589414 /* MatchFormat.swift in Sources */,
				B0AE525B2904AED7009157CD /* API.swift in Sources */,
				B0E849EA29002C4600BDFB56 /* MatchesModel.swift in Sources */,
				B03C20E029058AB400DFDB92 /* TrackableScrollView.swift in Sources */,
			);
			runOnlyForDeploymentPostprocessing = 0;
		};
/* End PBXSourcesBuildPhase section */

/* Begin XCBuildConfiguration section */
		B0078D6428F6955C0097D4A0 /* Debug */ = {
			isa = XCBuildConfiguration;
			buildSettings = {
				ALWAYS_SEARCH_USER_PATHS = NO;
				CLANG_ANALYZER_NONNULL = YES;
				CLANG_ANALYZER_NUMBER_OBJECT_CONVERSION = YES_AGGRESSIVE;
				CLANG_CXX_LANGUAGE_STANDARD = "gnu++20";
				CLANG_ENABLE_MODULES = YES;
				CLANG_ENABLE_OBJC_ARC = YES;
				CLANG_ENABLE_OBJC_WEAK = YES;
				CLANG_WARN_BLOCK_CAPTURE_AUTORELEASING = YES;
				CLANG_WARN_BOOL_CONVERSION = YES;
				CLANG_WARN_COMMA = YES;
				CLANG_WARN_CONSTANT_CONVERSION = YES;
				CLANG_WARN_DEPRECATED_OBJC_IMPLEMENTATIONS = YES;
				CLANG_WARN_DIRECT_OBJC_ISA_USAGE = YES_ERROR;
				CLANG_WARN_DOCUMENTATION_COMMENTS = YES;
				CLANG_WARN_EMPTY_BODY = YES;
				CLANG_WARN_ENUM_CONVERSION = YES;
				CLANG_WARN_INFINITE_RECURSION = YES;
				CLANG_WARN_INT_CONVERSION = YES;
				CLANG_WARN_NON_LITERAL_NULL_CONVERSION = YES;
				CLANG_WARN_OBJC_IMPLICIT_RETAIN_SELF = YES;
				CLANG_WARN_OBJC_LITERAL_CONVERSION = YES;
				CLANG_WARN_OBJC_ROOT_CLASS = YES_ERROR;
				CLANG_WARN_QUOTED_INCLUDE_IN_FRAMEWORK_HEADER = YES;
				CLANG_WARN_RANGE_LOOP_ANALYSIS = YES;
				CLANG_WARN_STRICT_PROTOTYPES = YES;
				CLANG_WARN_SUSPICIOUS_MOVE = YES;
				CLANG_WARN_UNGUARDED_AVAILABILITY = YES_AGGRESSIVE;
				CLANG_WARN_UNREACHABLE_CODE = YES;
				CLANG_WARN__DUPLICATE_METHOD_MATCH = YES;
				COPY_PHASE_STRIP = NO;
				DEBUG_INFORMATION_FORMAT = dwarf;
				ENABLE_STRICT_OBJC_MSGSEND = YES;
				ENABLE_TESTABILITY = YES;
				GCC_C_LANGUAGE_STANDARD = gnu11;
				GCC_DYNAMIC_NO_PIC = NO;
				GCC_NO_COMMON_BLOCKS = YES;
				GCC_OPTIMIZATION_LEVEL = 0;
				GCC_PREPROCESSOR_DEFINITIONS = (
					"DEBUG=1",
					"$(inherited)",
				);
				GCC_WARN_64_TO_32_BIT_CONVERSION = YES;
				GCC_WARN_ABOUT_RETURN_TYPE = YES_ERROR;
				GCC_WARN_UNDECLARED_SELECTOR = YES;
				GCC_WARN_UNINITIALIZED_AUTOS = YES_AGGRESSIVE;
				GCC_WARN_UNUSED_FUNCTION = YES;
				GCC_WARN_UNUSED_VARIABLE = YES;
				IPHONEOS_DEPLOYMENT_TARGET = 15.0;
				MTL_ENABLE_DEBUG_INFO = INCLUDE_SOURCE;
				MTL_FAST_MATH = YES;
				ONLY_ACTIVE_ARCH = YES;
				SDKROOT = iphoneos;
				SWIFT_ACTIVE_COMPILATION_CONDITIONS = DEBUG;
				SWIFT_OPTIMIZATION_LEVEL = "-Onone";
			};
			name = Debug;
		};
		B0078D6528F6955C0097D4A0 /* Release */ = {
			isa = XCBuildConfiguration;
			buildSettings = {
				ALWAYS_SEARCH_USER_PATHS = NO;
				CLANG_ANALYZER_NONNULL = YES;
				CLANG_ANALYZER_NUMBER_OBJECT_CONVERSION = YES_AGGRESSIVE;
				CLANG_CXX_LANGUAGE_STANDARD = "gnu++20";
				CLANG_ENABLE_MODULES = YES;
				CLANG_ENABLE_OBJC_ARC = YES;
				CLANG_ENABLE_OBJC_WEAK = YES;
				CLANG_WARN_BLOCK_CAPTURE_AUTORELEASING = YES;
				CLANG_WARN_BOOL_CONVERSION = YES;
				CLANG_WARN_COMMA = YES;
				CLANG_WARN_CONSTANT_CONVERSION = YES;
				CLANG_WARN_DEPRECATED_OBJC_IMPLEMENTATIONS = YES;
				CLANG_WARN_DIRECT_OBJC_ISA_USAGE = YES_ERROR;
				CLANG_WARN_DOCUMENTATION_COMMENTS = YES;
				CLANG_WARN_EMPTY_BODY = YES;
				CLANG_WARN_ENUM_CONVERSION = YES;
				CLANG_WARN_INFINITE_RECURSION = YES;
				CLANG_WARN_INT_CONVERSION = YES;
				CLANG_WARN_NON_LITERAL_NULL_CONVERSION = YES;
				CLANG_WARN_OBJC_IMPLICIT_RETAIN_SELF = YES;
				CLANG_WARN_OBJC_LITERAL_CONVERSION = YES;
				CLANG_WARN_OBJC_ROOT_CLASS = YES_ERROR;
				CLANG_WARN_QUOTED_INCLUDE_IN_FRAMEWORK_HEADER = YES;
				CLANG_WARN_RANGE_LOOP_ANALYSIS = YES;
				CLANG_WARN_STRICT_PROTOTYPES = YES;
				CLANG_WARN_SUSPICIOUS_MOVE = YES;
				CLANG_WARN_UNGUARDED_AVAILABILITY = YES_AGGRESSIVE;
				CLANG_WARN_UNREACHABLE_CODE = YES;
				CLANG_WARN__DUPLICATE_METHOD_MATCH = YES;
				COPY_PHASE_STRIP = NO;
				DEBUG_INFORMATION_FORMAT = "dwarf-with-dsym";
				ENABLE_NS_ASSERTIONS = NO;
				ENABLE_STRICT_OBJC_MSGSEND = YES;
				GCC_C_LANGUAGE_STANDARD = gnu11;
				GCC_NO_COMMON_BLOCKS = YES;
				GCC_WARN_64_TO_32_BIT_CONVERSION = YES;
				GCC_WARN_ABOUT_RETURN_TYPE = YES_ERROR;
				GCC_WARN_UNDECLARED_SELECTOR = YES;
				GCC_WARN_UNINITIALIZED_AUTOS = YES_AGGRESSIVE;
				GCC_WARN_UNUSED_FUNCTION = YES;
				GCC_WARN_UNUSED_VARIABLE = YES;
				IPHONEOS_DEPLOYMENT_TARGET = 15.0;
				MTL_ENABLE_DEBUG_INFO = NO;
				MTL_FAST_MATH = YES;
				SDKROOT = iphoneos;
				SWIFT_COMPILATION_MODE = wholemodule;
				SWIFT_OPTIMIZATION_LEVEL = "-O";
				VALIDATE_PRODUCT = YES;
			};
			name = Release;
		};
		B0078D6728F6955C0097D4A0 /* Debug */ = {
			isa = XCBuildConfiguration;
			buildSettings = {
				ASSETCATALOG_COMPILER_APPICON_NAME = AppIcon;
				ASSETCATALOG_COMPILER_GLOBAL_ACCENT_COLOR_NAME = AccentColor;
				CODE_SIGN_STYLE = Automatic;
				CURRENT_PROJECT_VERSION = 1;
				DEVELOPMENT_ASSET_PATHS = "\"Yolo/Preview Content\"";
				DEVELOPMENT_TEAM = CX6AZ34SLQ;
				ENABLE_PREVIEWS = YES;
				GENERATE_INFOPLIST_FILE = YES;
				INFOPLIST_KEY_CFBundleDisplayName = Yolo;
				INFOPLIST_KEY_LSApplicationCategoryType = "public.app-category.sports";
				INFOPLIST_KEY_UIApplicationSceneManifest_Generation = YES;
				INFOPLIST_KEY_UIApplicationSupportsIndirectInputEvents = YES;
				INFOPLIST_KEY_UILaunchScreen_Generation = YES;
				INFOPLIST_KEY_UILaunchStoryboardName = "Launch Screen.storyboard";
				INFOPLIST_KEY_UIRequiresFullScreen = YES;
				INFOPLIST_KEY_UISupportedInterfaceOrientations = UIInterfaceOrientationPortrait;
				IPHONEOS_DEPLOYMENT_TARGET = 15.0;
				LD_RUNPATH_SEARCH_PATHS = (
					"$(inherited)",
					"@executable_path/Frameworks",
				);
				MARKETING_VERSION = 0.1;
				PRODUCT_BUNDLE_IDENTIFIER = com.maximskorynin.yolo;
				PRODUCT_NAME = "$(TARGET_NAME)";
				SUPPORTED_PLATFORMS = "iphoneos iphonesimulator";
				SUPPORTS_MACCATALYST = NO;
				SUPPORTS_MAC_DESIGNED_FOR_IPHONE_IPAD = YES;
				SWIFT_EMIT_LOC_STRINGS = YES;
				SWIFT_VERSION = 5.0;
				TARGETED_DEVICE_FAMILY = "1,2";
			};
			name = Debug;
		};
		B0078D6828F6955C0097D4A0 /* Release */ = {
			isa = XCBuildConfiguration;
			buildSettings = {
				ASSETCATALOG_COMPILER_APPICON_NAME = AppIcon;
				ASSETCATALOG_COMPILER_GLOBAL_ACCENT_COLOR_NAME = AccentColor;
				CODE_SIGN_STYLE = Automatic;
				CURRENT_PROJECT_VERSION = 1;
				DEVELOPMENT_ASSET_PATHS = "\"Yolo/Preview Content\"";
				DEVELOPMENT_TEAM = CX6AZ34SLQ;
				ENABLE_PREVIEWS = YES;
				GENERATE_INFOPLIST_FILE = YES;
				INFOPLIST_KEY_CFBundleDisplayName = Yolo;
				INFOPLIST_KEY_LSApplicationCategoryType = "public.app-category.sports";
				INFOPLIST_KEY_UIApplicationSceneManifest_Generation = YES;
				INFOPLIST_KEY_UIApplicationSupportsIndirectInputEvents = YES;
				INFOPLIST_KEY_UILaunchScreen_Generation = YES;
				INFOPLIST_KEY_UILaunchStoryboardName = "Launch Screen.storyboard";
				INFOPLIST_KEY_UIRequiresFullScreen = YES;
				INFOPLIST_KEY_UISupportedInterfaceOrientations = UIInterfaceOrientationPortrait;
				IPHONEOS_DEPLOYMENT_TARGET = 15.0;
				LD_RUNPATH_SEARCH_PATHS = (
					"$(inherited)",
					"@executable_path/Frameworks",
				);
				MARKETING_VERSION = 0.1;
				PRODUCT_BUNDLE_IDENTIFIER = com.maximskorynin.yolo;
				PRODUCT_NAME = "$(TARGET_NAME)";
				SUPPORTED_PLATFORMS = "iphoneos iphonesimulator";
				SUPPORTS_MACCATALYST = NO;
				SUPPORTS_MAC_DESIGNED_FOR_IPHONE_IPAD = YES;
				SWIFT_EMIT_LOC_STRINGS = YES;
				SWIFT_VERSION = 5.0;
				TARGETED_DEVICE_FAMILY = "1,2";
			};
			name = Release;
		};
/* End XCBuildConfiguration section */

/* Begin XCConfigurationList section */
		B0078D5328F6955B0097D4A0 /* Build configuration list for PBXProject "Yolo" */ = {
			isa = XCConfigurationList;
			buildConfigurations = (
				B0078D6428F6955C0097D4A0 /* Debug */,
				B0078D6528F6955C0097D4A0 /* Release */,
			);
			defaultConfigurationIsVisible = 0;
			defaultConfigurationName = Release;
		};
		B0078D6628F6955C0097D4A0 /* Build configuration list for PBXNativeTarget "Yolo" */ = {
			isa = XCConfigurationList;
			buildConfigurations = (
				B0078D6728F6955C0097D4A0 /* Debug */,
				B0078D6828F6955C0097D4A0 /* Release */,
			);
			defaultConfigurationIsVisible = 0;
			defaultConfigurationName = Release;
		};
/* End XCConfigurationList section */

/* Begin XCRemoteSwiftPackageReference section */
		B0AE52572904A806009157CD /* XCRemoteSwiftPackageReference "Kingfisher" */ = {
			isa = XCRemoteSwiftPackageReference;
			repositoryURL = "https://github.com/onevcat/Kingfisher.git";
			requirement = {
				kind = upToNextMajorVersion;
				minimumVersion = 7.0.0;
			};
		};
/* End XCRemoteSwiftPackageReference section */

/* Begin XCSwiftPackageProductDependency section */
		B0AE52582904A806009157CD /* Kingfisher */ = {
			isa = XCSwiftPackageProductDependency;
			package = B0AE52572904A806009157CD /* XCRemoteSwiftPackageReference "Kingfisher" */;
			productName = Kingfisher;
		};
/* End XCSwiftPackageProductDependency section */
	};
	rootObject = B0078D5028F6955B0097D4A0 /* Project object */;
}
